
Microsoft Visual Studio Solution File, Format Version 12.00
# Visual Studio 15
VisualStudioVersion = 15.0.27703.2035
MinimumVisualStudioVersion = 10.0.40219.1
Project("{FAE04EC0-301F-11D3-BF4B-00C04F79EFBC}") = "EnterLowercsaeLetters", "EnterLowercsaeLetters\EnterLowercsaeLetters.csproj", "{CA92A958-87D6-40F7-9DE3-A1F270E89762}"
EndProject
Global
	GlobalSection(SolutionConfigurationPlatforms) = preSolution
		Debug|Any CPU = Debug|Any CPU
		Release|Any CPU = Release|Any CPU
	EndGlobalSection
	GlobalSection(ProjectConfigurationPlatforms) = postSolution
		{CA92A958-87D6-40F7-9DE3-A1F270E89762}.Debug|Any CPU.ActiveCfg = Debug|Any CPU
		{CA92A958-87D6-40F7-9DE3-A1F270E89762}.Debug|Any CPU.Build.0 = Debug|Any CPU
		{CA92A958-87D6-40F7-9DE3-A1F270E89762}.Release|Any CPU.ActiveCfg = Release|Any CPU
		{CA92A958-87D6-40F7-9DE3-A1F270E89762}.Release|Any CPU.Build.0 = Release|Any CPU
	EndGlobalSection
	GlobalSection(SolutionProperties) = preSolution
		HideSolutionNode = FALSE
	EndGlobalSection
	GlobalSection(ExtensibilityGlobals) = postSolution
		SolutionGuid = {08A96252-9F9A-4026-BAC2-30F7DF37B273}
	EndGlobalSection
EndGlobal
