
Microsoft Visual Studio Solution File, Format Version 12.00
# Visual Studio 15
VisualStudioVersion = 15.0.27703.2035
MinimumVisualStudioVersion = 10.0.40219.1
Project("{FAE04EC0-301F-11D3-BF4B-00C04F79EFBC}") = "DisplayMultiplicationTable", "DisplayMultiplicationTable\DisplayMultiplicationTable.csproj", "{4A370209-502D-462E-9262-CDF92BC26B03}"
EndProject
Global
	GlobalSection(SolutionConfigurationPlatforms) = preSolution
		Debug|Any CPU = Debug|Any CPU
		Release|Any CPU = Release|Any CPU
	EndGlobalSection
	GlobalSection(ProjectConfigurationPlatforms) = postSolution
		{4A370209-502D-462E-9262-CDF92BC26B03}.Debug|Any CPU.ActiveCfg = Debug|Any CPU
		{4A370209-502D-462E-9262-CDF92BC26B03}.Debug|Any CPU.Build.0 = Debug|Any CPU
		{4A370209-502D-462E-9262-CDF92BC26B03}.Release|Any CPU.ActiveCfg = Release|Any CPU
		{4A370209-502D-462E-9262-CDF92BC26B03}.Release|Any CPU.Build.0 = Release|Any CPU
	EndGlobalSection
	GlobalSection(SolutionProperties) = preSolution
		HideSolutionNode = FALSE
	EndGlobalSection
	GlobalSection(ExtensibilityGlobals) = postSolution
		SolutionGuid = {6A75EF22-80DA-47E4-AF47-F83DC3C26F85}
	EndGlobalSection
EndGlobal
